// !$*UTF8*$!
{
	archiveVersion = 1;
	classes = {
	};
	objectVersion = 51;
	objects = {

/* Begin PBXBuildFile section */
		1AF997EB23A4D20D00838859 /* AppDelegate.swift in Sources */ = {isa = PBXBuildFile; fileRef = 1AF997EA23A4D20D00838859 /* AppDelegate.swift */; };
		1AF997ED23A4D20D00838859 /* ViewController.swift in Sources */ = {isa = PBXBuildFile; fileRef = 1AF997EC23A4D20D00838859 /* ViewController.swift */; };
		1AF997F023A4D20D00838859 /* Main.storyboard in Resources */ = {isa = PBXBuildFile; fileRef = 1AF997EE23A4D20D00838859 /* Main.storyboard */; };
		1AF997F223A4D21000838859 /* Assets.xcassets in Resources */ = {isa = PBXBuildFile; fileRef = 1AF997F123A4D21000838859 /* Assets.xcassets */; };
		1AF997F523A4D21000838859 /* LaunchScreen.storyboard in Resources */ = {isa = PBXBuildFile; fileRef = 1AF997F323A4D21000838859 /* LaunchScreen.storyboard */; };
		1AF997FE23A4F65900838859 /* LBFMBasicContentView.swift in Sources */ = {isa = PBXBuildFile; fileRef = 1AF997FD23A4F65900838859 /* LBFMBasicContentView.swift */; };
		1AF9980023A4F7D700838859 /* LBFMBouncesContentView.swift in Sources */ = {isa = PBXBuildFile; fileRef = 1AF997FF23A4F7D700838859 /* LBFMBouncesContentView.swift */; };
		1AF9980423A4FBE700838859 /* LBFMIrregularityBasicContentView.swift in Sources */ = {isa = PBXBuildFile; fileRef = 1AF9980323A4FBE700838859 /* LBFMIrregularityBasicContentView.swift */; };
		681329D123BE054400DE1773 /* LBFMFavorViewController.swift in Sources */ = {isa = PBXBuildFile; fileRef = 681329D023BE054400DE1773 /* LBFMFavorViewController.swift */; };
		681329D623BE0AD700DE1773 /* LBFMFavorHeaderCollectionViewCell.swift in Sources */ = {isa = PBXBuildFile; fileRef = 681329D523BE0AD700DE1773 /* LBFMFavorHeaderCollectionViewCell.swift */; };
		681329DA23BE0C2E00DE1773 /* LBFMFavorHeader.swift in Sources */ = {isa = PBXBuildFile; fileRef = 681329D923BE0C2E00DE1773 /* LBFMFavorHeader.swift */; };
		681329DC23BE135100DE1773 /* LBFMFavorHeaderView.swift in Sources */ = {isa = PBXBuildFile; fileRef = 681329DB23BE135100DE1773 /* LBFMFavorHeaderView.swift */; };
		CE62F8A702B0BB5AD6FCB02B /* Pods_Jufn_swift.framework in Frameworks */ = {isa = PBXBuildFile; fileRef = 254824D917373D53C854E66B /* Pods_Jufn_swift.framework */; };
/* End PBXBuildFile section */

/* Begin PBXFileReference section */
		1AF997E723A4D20D00838859 /* Jufn@swift.app */ = {isa = PBXFileReference; explicitFileType = wrapper.application; includeInIndex = 0; path = "Jufn@swift.app"; sourceTree = BUILT_PRODUCTS_DIR; };
		1AF997EA23A4D20D00838859 /* AppDelegate.swift */ = {isa = PBXFileReference; lastKnownFileType = sourcecode.swift; path = AppDelegate.swift; sourceTree = "<group>"; };
		1AF997EC23A4D20D00838859 /* ViewController.swift */ = {isa = PBXFileReference; lastKnownFileType = sourcecode.swift; path = ViewController.swift; sourceTree = "<group>"; };
		1AF997EF23A4D20D00838859 /* Base */ = {isa = PBXFileReference; lastKnownFileType = file.storyboard; name = Base; path = Base.lproj/Main.storyboard; sourceTree = "<group>"; };
		1AF997F123A4D21000838859 /* Assets.xcassets */ = {isa = PBXFileReference; lastKnownFileType = folder.assetcatalog; path = Assets.xcassets; sourceTree = "<group>"; };
		1AF997F423A4D21000838859 /* Base */ = {isa = PBXFileReference; lastKnownFileType = file.storyboard; name = Base; path = Base.lproj/LaunchScreen.storyboard; sourceTree = "<group>"; };
		1AF997F623A4D21000838859 /* Info.plist */ = {isa = PBXFileReference; lastKnownFileType = text.plist.xml; path = Info.plist; sourceTree = "<group>"; };
		1AF997FD23A4F65900838859 /* LBFMBasicContentView.swift */ = {isa = PBXFileReference; lastKnownFileType = sourcecode.swift; path = LBFMBasicContentView.swift; sourceTree = "<group>"; };
		1AF997FF23A4F7D700838859 /* LBFMBouncesContentView.swift */ = {isa = PBXFileReference; lastKnownFileType = sourcecode.swift; path = LBFMBouncesContentView.swift; sourceTree = "<group>"; };
		1AF9980323A4FBE700838859 /* LBFMIrregularityBasicContentView.swift */ = {isa = PBXFileReference; lastKnownFileType = sourcecode.swift; path = LBFMIrregularityBasicContentView.swift; sourceTree = "<group>"; };
		254824D917373D53C854E66B /* Pods_Jufn_swift.framework */ = {isa = PBXFileReference; explicitFileType = wrapper.framework; includeInIndex = 0; path = Pods_Jufn_swift.framework; sourceTree = BUILT_PRODUCTS_DIR; };
		681329D023BE054400DE1773 /* LBFMFavorViewController.swift */ = {isa = PBXFileReference; lastKnownFileType = sourcecode.swift; path = LBFMFavorViewController.swift; sourceTree = "<group>"; };
		681329D523BE0AD700DE1773 /* LBFMFavorHeaderCollectionViewCell.swift */ = {isa = PBXFileReference; lastKnownFileType = sourcecode.swift; path = LBFMFavorHeaderCollectionViewCell.swift; sourceTree = "<group>"; };
		681329D923BE0C2E00DE1773 /* LBFMFavorHeader.swift */ = {isa = PBXFileReference; lastKnownFileType = sourcecode.swift; path = LBFMFavorHeader.swift; sourceTree = "<group>"; };
		681329DB23BE135100DE1773 /* LBFMFavorHeaderView.swift */ = {isa = PBXFileReference; lastKnownFileType = sourcecode.swift; path = LBFMFavorHeaderView.swift; sourceTree = "<group>"; };
		A596443FE36562B6163FB8DE /* Pods-Jufn@swift.release.xcconfig */ = {isa = PBXFileReference; includeInIndex = 1; lastKnownFileType = text.xcconfig; name = "Pods-Jufn@swift.release.xcconfig"; path = "Pods/Target Support Files/Pods-Jufn@swift/Pods-Jufn@swift.release.xcconfig"; sourceTree = "<group>"; };
		D7BDBA4D981ECBB18F51E324 /* Pods-Jufn@swift.debug.xcconfig */ = {isa = PBXFileReference; includeInIndex = 1; lastKnownFileType = text.xcconfig; name = "Pods-Jufn@swift.debug.xcconfig"; path = "Pods/Target Support Files/Pods-Jufn@swift/Pods-Jufn@swift.debug.xcconfig"; sourceTree = "<group>"; };
/* End PBXFileReference section */

/* Begin PBXFrameworksBuildPhase section */
		1AF997E423A4D20D00838859 /* Frameworks */ = {
			isa = PBXFrameworksBuildPhase;
			buildActionMask = 2147483647;
			files = (
				CE62F8A702B0BB5AD6FCB02B /* Pods_Jufn_swift.framework in Frameworks */,
			);
			runOnlyForDeploymentPostprocessing = 0;
		};
/* End PBXFrameworksBuildPhase section */

/* Begin PBXGroup section */
		1A755536BDFF1B4DADFDEF25 /* Pods */ = {
			isa = PBXGroup;
			children = (
				D7BDBA4D981ECBB18F51E324 /* Pods-Jufn@swift.debug.xcconfig */,
				A596443FE36562B6163FB8DE /* Pods-Jufn@swift.release.xcconfig */,
			);
			name = Pods;
			sourceTree = "<group>";
		};
		1AF997DE23A4D20D00838859 = {
			isa = PBXGroup;
			children = (
				1AF997E923A4D20D00838859 /* Jufn@swift */,
				1AF997E823A4D20D00838859 /* Products */,
				1A755536BDFF1B4DADFDEF25 /* Pods */,
				233AD2C1E8905BC920C54FA7 /* Frameworks */,
			);
			sourceTree = "<group>";
		};
		1AF997E823A4D20D00838859 /* Products */ = {
			isa = PBXGroup;
			children = (
				1AF997E723A4D20D00838859 /* Jufn@swift.app */,
			);
			name = Products;
			sourceTree = "<group>";
		};
		1AF997E923A4D20D00838859 /* Jufn@swift */ = {
			isa = PBXGroup;
			children = (
				1AF997EA23A4D20D00838859 /* AppDelegate.swift */,
				1AF997EC23A4D20D00838859 /* ViewController.swift */,
				681329CF23BE04F200DE1773 /* Favor */,
				1AF997FC23A4F60F00838859 /* Main */,
				1AF997EE23A4D20D00838859 /* Main.storyboard */,
				1AF997F123A4D21000838859 /* Assets.xcassets */,
				1AF997F323A4D21000838859 /* LaunchScreen.storyboard */,
				1AF997F623A4D21000838859 /* Info.plist */,
			);
			path = "Jufn@swift";
			sourceTree = "<group>";
		};
		1AF997FC23A4F60F00838859 /* Main */ = {
			isa = PBXGroup;
			children = (
				1AF997FD23A4F65900838859 /* LBFMBasicContentView.swift */,
				1AF997FF23A4F7D700838859 /* LBFMBouncesContentView.swift */,
				1AF9980323A4FBE700838859 /* LBFMIrregularityBasicContentView.swift */,
			);
			path = Main;
			sourceTree = "<group>";
		};
		233AD2C1E8905BC920C54FA7 /* Frameworks */ = {
			isa = PBXGroup;
			children = (
				254824D917373D53C854E66B /* Pods_Jufn_swift.framework */,
			);
			name = Frameworks;
			sourceTree = "<group>";
		};
		681329CF23BE04F200DE1773 /* Favor */ = {
			isa = PBXGroup;
			children = (
				681329D023BE054400DE1773 /* LBFMFavorViewController.swift */,
				681329D823BE0BFF00DE1773 /* Common */,
				681329D223BE0A0E00DE1773 /* View */,
			);
			path = Favor;
			sourceTree = "<group>";
		};
		681329D223BE0A0E00DE1773 /* View */ = {
			isa = PBXGroup;
			children = (
				681329D523BE0AD700DE1773 /* LBFMFavorHeaderCollectionViewCell.swift */,
				681329DB23BE135100DE1773 /* LBFMFavorHeaderView.swift */,
			);
			path = View;
			sourceTree = "<group>";
		};
		681329D823BE0BFF00DE1773 /* Common */ = {
			isa = PBXGroup;
			children = (
				681329D923BE0C2E00DE1773 /* LBFMFavorHeader.swift */,
			);
			path = Common;
			sourceTree = "<group>";
		};
/* End PBXGroup section */

/* Begin PBXNativeTarget section */
		1AF997E623A4D20D00838859 /* Jufn@swift */ = {
			isa = PBXNativeTarget;
			buildConfigurationList = 1AF997F923A4D21000838859 /* Build configuration list for PBXNativeTarget "Jufn@swift" */;
			buildPhases = (
				9FF3680B9E728D9A203FAC58 /* [CP] Check Pods Manifest.lock */,
				1AF997E323A4D20D00838859 /* Sources */,
				1AF997E423A4D20D00838859 /* Frameworks */,
				1AF997E523A4D20D00838859 /* Resources */,
				7FB65DF4B50A53B0955ABB79 /* [CP] Embed Pods Frameworks */,
			);
			buildRules = (
			);
			dependencies = (
			);
			name = "Jufn@swift";
			productName = "Jufn@swift";
			productReference = 1AF997E723A4D20D00838859 /* Jufn@swift.app */;
			productType = "com.apple.product-type.application";
		};
/* End PBXNativeTarget section */

/* Begin PBXProject section */
		1AF997DF23A4D20D00838859 /* Project object */ = {
			isa = PBXProject;
			attributes = {
				LastSwiftUpdateCheck = 1030;
				LastUpgradeCheck = 1030;
				ORGANIZATIONNAME = "陈俊峰";
				TargetAttributes = {
					1AF997E623A4D20D00838859 = {
						CreatedOnToolsVersion = 10.3;
					};
				};
			};
			buildConfigurationList = 1AF997E223A4D20D00838859 /* Build configuration list for PBXProject "Jufn@swift" */;
			compatibilityVersion = "Xcode 9.3";
			developmentRegion = en;
			hasScannedForEncodings = 0;
			knownRegions = (
				en,
				Base,
			);
			mainGroup = 1AF997DE23A4D20D00838859;
			productRefGroup = 1AF997E823A4D20D00838859 /* Products */;
			projectDirPath = "";
			projectRoot = "";
			targets = (
				1AF997E623A4D20D00838859 /* Jufn@swift */,
			);
		};
/* End PBXProject section */

/* Begin PBXResourcesBuildPhase section */
		1AF997E523A4D20D00838859 /* Resources */ = {
			isa = PBXResourcesBuildPhase;
			buildActionMask = 2147483647;
			files = (
				1AF997F523A4D21000838859 /* LaunchScreen.storyboard in Resources */,
				1AF997F223A4D21000838859 /* Assets.xcassets in Resources */,
				1AF997F023A4D20D00838859 /* Main.storyboard in Resources */,
			);
			runOnlyForDeploymentPostprocessing = 0;
		};
/* End PBXResourcesBuildPhase section */

/* Begin PBXShellScriptBuildPhase section */
		7FB65DF4B50A53B0955ABB79 /* [CP] Embed Pods Frameworks */ = {
			isa = PBXShellScriptBuildPhase;
			buildActionMask = 2147483647;
			files = (
			);
			inputFileListPaths = (
				"${PODS_ROOT}/Target Support Files/Pods-Jufn@swift/Pods-Jufn@swift-frameworks-${CONFIGURATION}-input-files.xcfilelist",
			);
			name = "[CP] Embed Pods Frameworks";
			outputFileListPaths = (
				"${PODS_ROOT}/Target Support Files/Pods-Jufn@swift/Pods-Jufn@swift-frameworks-${CONFIGURATION}-output-files.xcfilelist",
			);
			runOnlyForDeploymentPostprocessing = 0;
			shellPath = /bin/sh;
			shellScript = "\"${PODS_ROOT}/Target Support Files/Pods-Jufn@swift/Pods-Jufn@swift-frameworks.sh\"\n";
			showEnvVarsInLog = 0;
		};
		9FF3680B9E728D9A203FAC58 /* [CP] Check Pods Manifest.lock */ = {
			isa = PBXShellScriptBuildPhase;
			buildActionMask = 2147483647;
			files = (
			);
			inputFileListPaths = (
			);
			inputPaths = (
				"${PODS_PODFILE_DIR_PATH}/Podfile.lock",
				"${PODS_ROOT}/Manifest.lock",
			);
			name = "[CP] Check Pods Manifest.lock";
			outputFileListPaths = (
			);
			outputPaths = (
				"$(DERIVED_FILE_DIR)/Pods-Jufn@swift-checkManifestLockResult.txt",
			);
			runOnlyForDeploymentPostprocessing = 0;
			shellPath = /bin/sh;
			shellScript = "diff \"${PODS_PODFILE_DIR_PATH}/Podfile.lock\" \"${PODS_ROOT}/Manifest.lock\" > /dev/null\nif [ $? != 0 ] ; then\n    # print error to STDERR\n    echo \"error: The sandbox is not in sync with the Podfile.lock. Run 'pod install' or update your CocoaPods installation.\" >&2\n    exit 1\nfi\n# This output is used by Xcode 'outputs' to avoid re-running this script phase.\necho \"SUCCESS\" > \"${SCRIPT_OUTPUT_FILE_0}\"\n";
			showEnvVarsInLog = 0;
		};
/* End PBXShellScriptBuildPhase section */

/* Begin PBXSourcesBuildPhase section */
		1AF997E323A4D20D00838859 /* Sources */ = {
			isa = PBXSourcesBuildPhase;
			buildActionMask = 2147483647;
			files = (
				681329DA23BE0C2E00DE1773 /* LBFMFavorHeader.swift in Sources */,
				1AF997ED23A4D20D00838859 /* ViewController.swift in Sources */,
				1AF9980423A4FBE700838859 /* LBFMIrregularityBasicContentView.swift in Sources */,
				681329D123BE054400DE1773 /* LBFMFavorViewController.swift in Sources */,
				1AF9980023A4F7D700838859 /* LBFMBouncesContentView.swift in Sources */,
				1AF997FE23A4F65900838859 /* LBFMBasicContentView.swift in Sources */,
				681329DC23BE135100DE1773 /* LBFMFavorHeaderView.swift in Sources */,
				681329D623BE0AD700DE1773 /* LBFMFavorHeaderCollectionViewCell.swift in Sources */,
				1AF997EB23A4D20D00838859 /* AppDelegate.swift in Sources */,
			);
			runOnlyForDeploymentPostprocessing = 0;
		};
/* End PBXSourcesBuildPhase section */

/* Begin PBXVariantGroup section */
		1AF997EE23A4D20D00838859 /* Main.storyboard */ = {
			isa = PBXVariantGroup;
			children = (
				1AF997EF23A4D20D00838859 /* Base */,
			);
			name = Main.storyboard;
			sourceTree = "<group>";
		};
		1AF997F323A4D21000838859 /* LaunchScreen.storyboard */ = {
			isa = PBXVariantGroup;
			children = (
				1AF997F423A4D21000838859 /* Base */,
			);
			name = LaunchScreen.storyboard;
			sourceTree = "<group>";
		};
/* End PBXVariantGroup section */

/* Begin XCBuildConfiguration section */
		1AF997F723A4D21000838859 /* Debug */ = {
			isa = XCBuildConfiguration;
			buildSettings = {
				ALWAYS_SEARCH_USER_PATHS = NO;
				CLANG_ANALYZER_NONNULL = YES;
				CLANG_ANALYZER_NUMBER_OBJECT_CONVERSION = YES_AGGRESSIVE;
				CLANG_CXX_LANGUAGE_STANDARD = "gnu++14";
				CLANG_CXX_LIBRARY = "libc++";
				CLANG_ENABLE_MODULES = YES;
				CLANG_ENABLE_OBJC_ARC = YES;
				CLANG_ENABLE_OBJC_WEAK = YES;
				CLANG_WARN_BLOCK_CAPTURE_AUTORELEASING = YES;
				CLANG_WARN_BOOL_CONVERSION = YES;
				CLANG_WARN_COMMA = YES;
				CLANG_WARN_CONSTANT_CONVERSION = YES;
				CLANG_WARN_DEPRECATED_OBJC_IMPLEMENTATIONS = YES;
				CLANG_WARN_DIRECT_OBJC_ISA_USAGE = YES_ERROR;
				CLANG_WARN_DOCUMENTATION_COMMENTS = YES;
				CLANG_WARN_EMPTY_BODY = YES;
				CLANG_WARN_ENUM_CONVERSION = YES;
				CLANG_WARN_INFINITE_RECURSION = YES;
				CLANG_WARN_INT_CONVERSION = YES;
				CLANG_WARN_NON_LITERAL_NULL_CONVERSION = YES;
				CLANG_WARN_OBJC_IMPLICIT_RETAIN_SELF = YES;
				CLANG_WARN_OBJC_LITERAL_CONVERSION = YES;
				CLANG_WARN_OBJC_ROOT_CLASS = YES_ERROR;
				CLANG_WARN_RANGE_LOOP_ANALYSIS = YES;
				CLANG_WARN_STRICT_PROTOTYPES = YES;
				CLANG_WARN_SUSPICIOUS_MOVE = YES;
				CLANG_WARN_UNGUARDED_AVAILABILITY = YES_AGGRESSIVE;
				CLANG_WARN_UNREACHABLE_CODE = YES;
				CLANG_WARN__DUPLICATE_METHOD_MATCH = YES;
				CODE_SIGN_IDENTITY = "iPhone Developer";
				COPY_PHASE_STRIP = NO;
				DEBUG_INFORMATION_FORMAT = dwarf;
				ENABLE_STRICT_OBJC_MSGSEND = YES;
				ENABLE_TESTABILITY = YES;
				GCC_C_LANGUAGE_STANDARD = gnu11;
				GCC_DYNAMIC_NO_PIC = NO;
				GCC_NO_COMMON_BLOCKS = YES;
				GCC_OPTIMIZATION_LEVEL = 0;
				GCC_PREPROCESSOR_DEFINITIONS = (
					"DEBUG=1",
					"$(inherited)",
				);
				GCC_WARN_64_TO_32_BIT_CONVERSION = YES;
				GCC_WARN_ABOUT_RETURN_TYPE = YES_ERROR;
				GCC_WARN_UNDECLARED_SELECTOR = YES;
				GCC_WARN_UNINITIALIZED_AUTOS = YES_AGGRESSIVE;
				GCC_WARN_UNUSED_FUNCTION = YES;
				GCC_WARN_UNUSED_VARIABLE = YES;
				IPHONEOS_DEPLOYMENT_TARGET = 12.4;
				MTL_ENABLE_DEBUG_INFO = INCLUDE_SOURCE;
				MTL_FAST_MATH = YES;
				ONLY_ACTIVE_ARCH = YES;
				SDKROOT = iphoneos;
				SWIFT_ACTIVE_COMPILATION_CONDITIONS = DEBUG;
				SWIFT_OPTIMIZATION_LEVEL = "-Onone";
			};
			name = Debug;
		};
		1AF997F823A4D21000838859 /* Release */ = {
			isa = XCBuildConfiguration;
			buildSettings = {
				ALWAYS_SEARCH_USER_PATHS = NO;
				CLANG_ANALYZER_NONNULL = YES;
				CLANG_ANALYZER_NUMBER_OBJECT_CONVERSION = YES_AGGRESSIVE;
				CLANG_CXX_LANGUAGE_STANDARD = "gnu++14";
				CLANG_CXX_LIBRARY = "libc++";
				CLANG_ENABLE_MODULES = YES;
				CLANG_ENABLE_OBJC_ARC = YES;
				CLANG_ENABLE_OBJC_WEAK = YES;
				CLANG_WARN_BLOCK_CAPTURE_AUTORELEASING = YES;
				CLANG_WARN_BOOL_CONVERSION = YES;
				CLANG_WARN_COMMA = YES;
				CLANG_WARN_CONSTANT_CONVERSION = YES;
				CLANG_WARN_DEPRECATED_OBJC_IMPLEMENTATIONS = YES;
				CLANG_WARN_DIRECT_OBJC_ISA_USAGE = YES_ERROR;
				CLANG_WARN_DOCUMENTATION_COMMENTS = YES;
				CLANG_WARN_EMPTY_BODY = YES;
				CLANG_WARN_ENUM_CONVERSION = YES;
				CLANG_WARN_INFINITE_RECURSION = YES;
				CLANG_WARN_INT_CONVERSION = YES;
				CLANG_WARN_NON_LITERAL_NULL_CONVERSION = YES;
				CLANG_WARN_OBJC_IMPLICIT_RETAIN_SELF = YES;
				CLANG_WARN_OBJC_LITERAL_CONVERSION = YES;
				CLANG_WARN_OBJC_ROOT_CLASS = YES_ERROR;
				CLANG_WARN_RANGE_LOOP_ANALYSIS = YES;
				CLANG_WARN_STRICT_PROTOTYPES = YES;
				CLANG_WARN_SUSPICIOUS_MOVE = YES;
				CLANG_WARN_UNGUARDED_AVAILABILITY = YES_AGGRESSIVE;
				CLANG_WARN_UNREACHABLE_CODE = YES;
				CLANG_WARN__DUPLICATE_METHOD_MATCH = YES;
				CODE_SIGN_IDENTITY = "iPhone Developer";
				COPY_PHASE_STRIP = NO;
				DEBUG_INFORMATION_FORMAT = "dwarf-with-dsym";
				ENABLE_NS_ASSERTIONS = NO;
				ENABLE_STRICT_OBJC_MSGSEND = YES;
				GCC_C_LANGUAGE_STANDARD = gnu11;
				GCC_NO_COMMON_BLOCKS = YES;
				GCC_WARN_64_TO_32_BIT_CONVERSION = YES;
				GCC_WARN_ABOUT_RETURN_TYPE = YES_ERROR;
				GCC_WARN_UNDECLARED_SELECTOR = YES;
				GCC_WARN_UNINITIALIZED_AUTOS = YES_AGGRESSIVE;
				GCC_WARN_UNUSED_FUNCTION = YES;
				GCC_WARN_UNUSED_VARIABLE = YES;
				IPHONEOS_DEPLOYMENT_TARGET = 12.4;
				MTL_ENABLE_DEBUG_INFO = NO;
				MTL_FAST_MATH = YES;
				SDKROOT = iphoneos;
				SWIFT_COMPILATION_MODE = wholemodule;
				SWIFT_OPTIMIZATION_LEVEL = "-O";
				VALIDATE_PRODUCT = YES;
			};
			name = Release;
		};
		1AF997FA23A4D21000838859 /* Debug */ = {
			isa = XCBuildConfiguration;
			baseConfigurationReference = D7BDBA4D981ECBB18F51E324 /* Pods-Jufn@swift.debug.xcconfig */;
			buildSettings = {
				ASSETCATALOG_COMPILER_APPICON_NAME = AppIcon;
				CODE_SIGN_STYLE = Automatic;
				DEVELOPMENT_TEAM = DZ4G8V34XE;
				INFOPLIST_FILE = "Jufn@swift/Info.plist";
				LD_RUNPATH_SEARCH_PATHS = (
					"$(inherited)",
					"@executable_path/Frameworks",
				);
				PRODUCT_BUNDLE_IDENTIFIER = "-52612837.qq.com.Jufn-swift";
				PRODUCT_NAME = "$(TARGET_NAME)";
				SWIFT_VERSION = 5.0;
				TARGETED_DEVICE_FAMILY = "1,2";
			};
			name = Debug;
		};
		1AF997FB23A4D21000838859 /* Release */ = {
			isa = XCBuildConfiguration;
			baseConfigurationReference = A596443FE36562B6163FB8DE /* Pods-Jufn@swift.release.xcconfig */;
			buildSettings = {
				ASSETCATALOG_COMPILER_APPICON_NAME = AppIcon;
				CODE_SIGN_STYLE = Automatic;
				DEVELOPMENT_TEAM = DZ4G8V34XE;
				INFOPLIST_FILE = "Jufn@swift/Info.plist";
				LD_RUNPATH_SEARCH_PATHS = (
					"$(inherited)",
					"@executable_path/Frameworks",
				);
				PRODUCT_BUNDLE_IDENTIFIER = "-52612837.qq.com.Jufn-swift";
				PRODUCT_NAME = "$(TARGET_NAME)";
				SWIFT_VERSION = 5.0;
				TARGETED_DEVICE_FAMILY = "1,2";
			};
			name = Release;
		};
/* End XCBuildConfiguration section */

/* Begin XCConfigurationList section */
		1AF997E223A4D20D00838859 /* Build configuration list for PBXProject "Jufn@swift" */ = {
			isa = XCConfigurationList;
			buildConfigurations = (
				1AF997F723A4D21000838859 /* Debug */,
				1AF997F823A4D21000838859 /* Release */,
			);
			defaultConfigurationIsVisible = 0;
			defaultConfigurationName = Release;
		};
		1AF997F923A4D21000838859 /* Build configuration list for PBXNativeTarget "Jufn@swift" */ = {
			isa = XCConfigurationList;
			buildConfigurations = (
				1AF997FA23A4D21000838859 /* Debug */,
				1AF997FB23A4D21000838859 /* Release */,
			);
			defaultConfigurationIsVisible = 0;
			defaultConfigurationName = Release;
		};
/* End XCConfigurationList section */
	};
	rootObject = 1AF997DF23A4D20D00838859 /* Project object */;
}
